
Microsoft Visual Studio Solution File, Format Version 12.00
# Visual Studio 15
VisualStudioVersion = 15.0.27703.2042
MinimumVisualStudioVersion = 10.0.40219.1
Project("{F184B08F-C81C-45F6-A57F-5ABD9991F28F}") = "WpfApp2AsyncAwait", "WpfApp2AsyncAwait\WpfApp2AsyncAwait.vbproj", "{DF5499A6-3679-419C-A892-AB0226D2AE00}"
EndProject
Project("{F184B08F-C81C-45F6-A57F-5ABD9991F28F}") = "ConsoleAppAsyncAwait", "ConsoleAppAsyncAwait\ConsoleAppAsyncAwait.vbproj", "{4283992F-6C80-495D-AE23-4EC66DB0409F}"
EndProject
Global
	GlobalSection(SolutionConfigurationPlatforms) = preSolution
		Debug|Any CPU = Debug|Any CPU
		Release|Any CPU = Release|Any CPU
	EndGlobalSection
	GlobalSection(ProjectConfigurationPlatforms) = postSolution
		{DF5499A6-3679-419C-A892-AB0226D2AE00}.Debug|Any CPU.ActiveCfg = Debug|Any CPU
		{DF5499A6-3679-419C-A892-AB0226D2AE00}.Debug|Any CPU.Build.0 = Debug|Any CPU
		{DF5499A6-3679-419C-A892-AB0226D2AE00}.Release|Any CPU.ActiveCfg = Release|Any CPU
		{DF5499A6-3679-419C-A892-AB0226D2AE00}.Release|Any CPU.Build.0 = Release|Any CPU
		{4283992F-6C80-495D-AE23-4EC66DB0409F}.Debug|Any CPU.ActiveCfg = Debug|Any CPU
		{4283992F-6C80-495D-AE23-4EC66DB0409F}.Debug|Any CPU.Build.0 = Debug|Any CPU
		{4283992F-6C80-495D-AE23-4EC66DB0409F}.Release|Any CPU.ActiveCfg = Release|Any CPU
		{4283992F-6C80-495D-AE23-4EC66DB0409F}.Release|Any CPU.Build.0 = Release|Any CPU
	EndGlobalSection
	GlobalSection(SolutionProperties) = preSolution
		HideSolutionNode = FALSE
	EndGlobalSection
	GlobalSection(ExtensibilityGlobals) = postSolution
		SolutionGuid = {EAECE744-F271-4D24-BB71-6C2F3340C4F9}
	EndGlobalSection
EndGlobal
